
Microsoft Visual Studio Solution File, Format Version 12.00
# Visual Studio 15
VisualStudioVersion = 15.0.27004.2008
MinimumVisualStudioVersion = 10.0.40219.1
Project("{FAE04EC0-301F-11D3-BF4B-00C04F79EFBC}") = "Calculadora", "Calculadora\Calculadora.csproj", "{63DC9B3C-79DD-4080-8BB9-B2D0EDB67E29}"
EndProject
Project("{E24C65DC-7377-472B-9ABA-BC803B73C61A}") = "CalcularServices", "..\..\..\..\source\WebSites\CalcularServices\", "{317B6488-44AE-47E7-ACC2-9BF40E2BC244}"
	ProjectSection(WebsiteProperties) = preProject
		TargetFrameworkMoniker = ".NETFramework,Version%3Dv4.6.1"
		Debug.AspNetCompiler.VirtualPath = "/localhost_61239"
		Debug.AspNetCompiler.PhysicalPath = "..\..\..\..\source\WebSites\CalcularServices\"
		Debug.AspNetCompiler.TargetPath = "PrecompiledWeb\localhost_61239\"
		Debug.AspNetCompiler.Updateable = "true"
		Debug.AspNetCompiler.ForceOverwrite = "true"
		Debug.AspNetCompiler.FixedNames = "false"
		Debug.AspNetCompiler.Debug = "True"
		Release.AspNetCompiler.VirtualPath = "/localhost_61239"
		Release.AspNetCompiler.PhysicalPath = "..\..\..\..\source\WebSites\CalcularServices\"
		Release.AspNetCompiler.TargetPath = "PrecompiledWeb\localhost_61239\"
		Release.AspNetCompiler.Updateable = "true"
		Release.AspNetCompiler.ForceOverwrite = "true"
		Release.AspNetCompiler.FixedNames = "false"
		Release.AspNetCompiler.Debug = "False"
		VWDPort = "61239"
		SlnRelativePath = "..\..\..\..\source\WebSites\CalcularServices\"
		DefaultWebSiteLanguage = "Visual C#"
	EndProjectSection
EndProject
Global
	GlobalSection(SolutionConfigurationPlatforms) = preSolution
		Debug|Any CPU = Debug|Any CPU
		Release|Any CPU = Release|Any CPU
	EndGlobalSection
	GlobalSection(ProjectConfigurationPlatforms) = postSolution
		{63DC9B3C-79DD-4080-8BB9-B2D0EDB67E29}.Debug|Any CPU.ActiveCfg = Debug|Any CPU
		{63DC9B3C-79DD-4080-8BB9-B2D0EDB67E29}.Debug|Any CPU.Build.0 = Debug|Any CPU
		{63DC9B3C-79DD-4080-8BB9-B2D0EDB67E29}.Release|Any CPU.ActiveCfg = Release|Any CPU
		{63DC9B3C-79DD-4080-8BB9-B2D0EDB67E29}.Release|Any CPU.Build.0 = Release|Any CPU
		{317B6488-44AE-47E7-ACC2-9BF40E2BC244}.Debug|Any CPU.ActiveCfg = Debug|Any CPU
		{317B6488-44AE-47E7-ACC2-9BF40E2BC244}.Debug|Any CPU.Build.0 = Debug|Any CPU
		{317B6488-44AE-47E7-ACC2-9BF40E2BC244}.Release|Any CPU.ActiveCfg = Debug|Any CPU
		{317B6488-44AE-47E7-ACC2-9BF40E2BC244}.Release|Any CPU.Build.0 = Debug|Any CPU
	EndGlobalSection
	GlobalSection(SolutionProperties) = preSolution
		HideSolutionNode = FALSE
	EndGlobalSection
	GlobalSection(ExtensibilityGlobals) = postSolution
		SolutionGuid = {ED2E6614-8B56-479B-ACD7-F9A3EA52AC00}
	EndGlobalSection
EndGlobal
